
Microsoft Visual Studio Solution File, Format Version 11.00
# Visual Studio 2010
Project("{FAE04EC0-301F-11D3-BF4B-00C04F79EFBC}") = "Fungus", "Fungus.csproj", "{c344bb06-045c-34ad-f05d-4ab111d6639e}"
EndProject
Project("{FAE04EC0-301F-11D3-BF4B-00C04F79EFBC}") = "com.unity.animations.springbone", "com.unity.animations.springbone.csproj", "{be13f326-ad7b-adfd-5e9b-a03f968e3296}"
EndProject
Project("{FAE04EC0-301F-11D3-BF4B-00C04F79EFBC}") = "Assembly-CSharp", "Assembly-CSharp.csproj", "{46e0b5f4-ca79-3ca6-132c-0038d642af1c}"
EndProject
Project("{FAE04EC0-301F-11D3-BF4B-00C04F79EFBC}") = "Effekseer.PostProcessing", "Effekseer.PostProcessing.csproj", "{ab820728-84cc-8789-684d-529aeb31710d}"
EndProject
Project("{FAE04EC0-301F-11D3-BF4B-00C04F79EFBC}") = "FungusEditor", "FungusEditor.csproj", "{e9852833-39df-44ea-bcb2-13ed3a7c163b}"
EndProject
Project("{FAE04EC0-301F-11D3-BF4B-00C04F79EFBC}") = "Fungus.FungusLuaEditor", "Fungus.FungusLuaEditor.csproj", "{df4c5335-2c35-bcdd-7efa-568bb547d89f}"
EndProject
Project("{FAE04EC0-301F-11D3-BF4B-00C04F79EFBC}") = "Effekseer", "Effekseer.csproj", "{e875ef06-d21a-8c08-3c7a-8cb8089e3c4b}"
EndProject
Project("{FAE04EC0-301F-11D3-BF4B-00C04F79EFBC}") = "EffekseerEditor", "EffekseerEditor.csproj", "{4022fc65-259a-dd98-dd56-17daaccfbbc6}"
EndProject
Project("{FAE04EC0-301F-11D3-BF4B-00C04F79EFBC}") = "Assembly-CSharp-Editor", "Assembly-CSharp-Editor.csproj", "{9be76f21-eda5-48e9-8924-1e632cf70285}"
EndProject
Project("{FAE04EC0-301F-11D3-BF4B-00C04F79EFBC}") = "Effekseer.HDRP", "Effekseer.HDRP.csproj", "{5f04ac43-af17-b236-1eb9-f864a077017d}"
EndProject
Project("{FAE04EC0-301F-11D3-BF4B-00C04F79EFBC}") = "Effekseer.URP", "Effekseer.URP.csproj", "{f8931028-d1ce-bb8e-4436-3d4a4ae069af}"
EndProject
Project("{FAE04EC0-301F-11D3-BF4B-00C04F79EFBC}") = "Fungus.UsfxrEditor", "Fungus.UsfxrEditor.csproj", "{7123b70f-6e35-6e35-2228-138edda3b4be}"
EndProject
Project("{FAE04EC0-301F-11D3-BF4B-00C04F79EFBC}") = "Fungus.LineEndingsEditor", "Fungus.LineEndingsEditor.csproj", "{ed8abd88-3706-7b53-ac1d-fc7faf41c056}"
EndProject
Project("{FAE04EC0-301F-11D3-BF4B-00C04F79EFBC}") = "Fungus.FungusLuaJSONCheckerEditor", "Fungus.FungusLuaJSONCheckerEditor.csproj", "{cdebb659-d44c-1779-cdb3-af2bebe6aa28}"
EndProject
Global
	GlobalSection(SolutionConfigurationPlatforms) = preSolution
		Debug|Any CPU = Debug|Any CPU
	EndGlobalSection
	GlobalSection(ProjectConfigurationPlatforms) = postSolution
		{c344bb06-045c-34ad-f05d-4ab111d6639e}.Debug|Any CPU.ActiveCfg = Debug|Any CPU
		{c344bb06-045c-34ad-f05d-4ab111d6639e}.Debug|Any CPU.Build.0 = Debug|Any CPU
		{be13f326-ad7b-adfd-5e9b-a03f968e3296}.Debug|Any CPU.ActiveCfg = Debug|Any CPU
		{be13f326-ad7b-adfd-5e9b-a03f968e3296}.Debug|Any CPU.Build.0 = Debug|Any CPU
		{46e0b5f4-ca79-3ca6-132c-0038d642af1c}.Debug|Any CPU.ActiveCfg = Debug|Any CPU
		{46e0b5f4-ca79-3ca6-132c-0038d642af1c}.Debug|Any CPU.Build.0 = Debug|Any CPU
		{ab820728-84cc-8789-684d-529aeb31710d}.Debug|Any CPU.ActiveCfg = Debug|Any CPU
		{ab820728-84cc-8789-684d-529aeb31710d}.Debug|Any CPU.Build.0 = Debug|Any CPU
		{e9852833-39df-44ea-bcb2-13ed3a7c163b}.Debug|Any CPU.ActiveCfg = Debug|Any CPU
		{e9852833-39df-44ea-bcb2-13ed3a7c163b}.Debug|Any CPU.Build.0 = Debug|Any CPU
		{df4c5335-2c35-bcdd-7efa-568bb547d89f}.Debug|Any CPU.ActiveCfg = Debug|Any CPU
		{df4c5335-2c35-bcdd-7efa-568bb547d89f}.Debug|Any CPU.Build.0 = Debug|Any CPU
		{e875ef06-d21a-8c08-3c7a-8cb8089e3c4b}.Debug|Any CPU.ActiveCfg = Debug|Any CPU
		{e875ef06-d21a-8c08-3c7a-8cb8089e3c4b}.Debug|Any CPU.Build.0 = Debug|Any CPU
		{4022fc65-259a-dd98-dd56-17daaccfbbc6}.Debug|Any CPU.ActiveCfg = Debug|Any CPU
		{4022fc65-259a-dd98-dd56-17daaccfbbc6}.Debug|Any CPU.Build.0 = Debug|Any CPU
		{9be76f21-eda5-48e9-8924-1e632cf70285}.Debug|Any CPU.ActiveCfg = Debug|Any CPU
		{9be76f21-eda5-48e9-8924-1e632cf70285}.Debug|Any CPU.Build.0 = Debug|Any CPU
		{5f04ac43-af17-b236-1eb9-f864a077017d}.Debug|Any CPU.ActiveCfg = Debug|Any CPU
		{5f04ac43-af17-b236-1eb9-f864a077017d}.Debug|Any CPU.Build.0 = Debug|Any CPU
		{f8931028-d1ce-bb8e-4436-3d4a4ae069af}.Debug|Any CPU.ActiveCfg = Debug|Any CPU
		{f8931028-d1ce-bb8e-4436-3d4a4ae069af}.Debug|Any CPU.Build.0 = Debug|Any CPU
		{7123b70f-6e35-6e35-2228-138edda3b4be}.Debug|Any CPU.ActiveCfg = Debug|Any CPU
		{7123b70f-6e35-6e35-2228-138edda3b4be}.Debug|Any CPU.Build.0 = Debug|Any CPU
		{ed8abd88-3706-7b53-ac1d-fc7faf41c056}.Debug|Any CPU.ActiveCfg = Debug|Any CPU
		{ed8abd88-3706-7b53-ac1d-fc7faf41c056}.Debug|Any CPU.Build.0 = Debug|Any CPU
		{cdebb659-d44c-1779-cdb3-af2bebe6aa28}.Debug|Any CPU.ActiveCfg = Debug|Any CPU
		{cdebb659-d44c-1779-cdb3-af2bebe6aa28}.Debug|Any CPU.Build.0 = Debug|Any CPU
	EndGlobalSection
	GlobalSection(SolutionProperties) = preSolution
		HideSolutionNode = FALSE
	EndGlobalSection
EndGlobal
