
Microsoft Visual Studio Solution File, Format Version 11.00
# Visual Studio 2010
Project("{FAE04EC0-301F-11D3-BF4B-00C04F79EFBC}") = "Fungus", "Fungus.csproj", "{8943d378-2d7a-f089-7abb-27e79261bf33}"
EndProject
Project("{FAE04EC0-301F-11D3-BF4B-00C04F79EFBC}") = "com.unity.animations.springbone", "com.unity.animations.springbone.csproj", "{0c920e7e-e6d2-2809-9236-36a9a5c3ee5b}"
EndProject
Project("{FAE04EC0-301F-11D3-BF4B-00C04F79EFBC}") = "Assembly-CSharp-firstpass", "Assembly-CSharp-firstpass.csproj", "{4ad6d143-ac3a-ba91-5bc2-56b9b83a190a}"
EndProject
Project("{FAE04EC0-301F-11D3-BF4B-00C04F79EFBC}") = "uOSC.Editor", "uOSC.Editor.csproj", "{837f0a38-0ff7-279e-6cd5-272b2a44e510}"
EndProject
Project("{FAE04EC0-301F-11D3-BF4B-00C04F79EFBC}") = "Boxophobic.Utils.Editor", "Boxophobic.Utils.Editor.csproj", "{b6086225-b747-9109-a989-bd5bbd33d98a}"
EndProject
Project("{FAE04EC0-301F-11D3-BF4B-00C04F79EFBC}") = "Assembly-CSharp", "Assembly-CSharp.csproj", "{8a06e561-9469-95b9-d349-97dc66fe33b5}"
EndProject
Project("{FAE04EC0-301F-11D3-BF4B-00C04F79EFBC}") = "Effekseer.PostProcessing", "Effekseer.PostProcessing.csproj", "{be4e667f-d6b2-5c86-836e-090f67544df4}"
EndProject
Project("{FAE04EC0-301F-11D3-BF4B-00C04F79EFBC}") = "FungusEditor", "FungusEditor.csproj", "{bd9dd458-d49f-c7f3-8057-88b30d7a21df}"
EndProject
Project("{FAE04EC0-301F-11D3-BF4B-00C04F79EFBC}") = "Fungus.FungusLuaEditor", "Fungus.FungusLuaEditor.csproj", "{ebf7ce7b-ba35-f611-8d10-22c118765cc7}"
EndProject
Project("{FAE04EC0-301F-11D3-BF4B-00C04F79EFBC}") = "Effekseer", "Effekseer.csproj", "{46d0fc23-5ed7-e67e-6ee9-6fab7340dd98}"
EndProject
Project("{FAE04EC0-301F-11D3-BF4B-00C04F79EFBC}") = "Boxophobic.SkyboxCubemapExtended.Editor", "Boxophobic.SkyboxCubemapExtended.Editor.csproj", "{a6d70f17-98b2-d731-6d6b-8855f2873cbf}"
EndProject
Project("{FAE04EC0-301F-11D3-BF4B-00C04F79EFBC}") = "Boxophobic.Utils.Scripts", "Boxophobic.Utils.Scripts.csproj", "{cb13c8e8-4e4b-7ebd-112a-3b2bad1027b2}"
EndProject
Project("{FAE04EC0-301F-11D3-BF4B-00C04F79EFBC}") = "uOSC.Runtime", "uOSC.Runtime.csproj", "{37c58fd0-50d3-ae25-2ee8-cbdec8bbb25d}"
EndProject
Project("{FAE04EC0-301F-11D3-BF4B-00C04F79EFBC}") = "EffekseerEditor", "EffekseerEditor.csproj", "{b746836f-3a13-57df-3432-902fc53be0c1}"
EndProject
Project("{FAE04EC0-301F-11D3-BF4B-00C04F79EFBC}") = "Assembly-CSharp-Editor", "Assembly-CSharp-Editor.csproj", "{95a58582-1f84-bf99-5133-c15bab1d0e8d}"
EndProject
Project("{FAE04EC0-301F-11D3-BF4B-00C04F79EFBC}") = "Assembly-CSharp-Editor-firstpass", "Assembly-CSharp-Editor-firstpass.csproj", "{7bd58a5a-efd0-d63e-be03-1ec1451f0e5e}"
EndProject
Project("{FAE04EC0-301F-11D3-BF4B-00C04F79EFBC}") = "Effekseer.HDRP", "Effekseer.HDRP.csproj", "{46d772b5-c3c6-b10f-362d-258e03f8f099}"
EndProject
Project("{FAE04EC0-301F-11D3-BF4B-00C04F79EFBC}") = "Effekseer.URP", "Effekseer.URP.csproj", "{cffb4df8-f14e-8b8b-2ee6-5f4cc5d90df3}"
EndProject
Project("{FAE04EC0-301F-11D3-BF4B-00C04F79EFBC}") = "Fungus.UsfxrEditor", "Fungus.UsfxrEditor.csproj", "{d9ae3f10-98ff-86c4-1ab3-7e8877b0955c}"
EndProject
Project("{FAE04EC0-301F-11D3-BF4B-00C04F79EFBC}") = "Fungus.LineEndingsEditor", "Fungus.LineEndingsEditor.csproj", "{27263a60-42d1-ee0b-40eb-cde7ad36e2f8}"
EndProject
Project("{FAE04EC0-301F-11D3-BF4B-00C04F79EFBC}") = "Fungus.FungusLuaJSONCheckerEditor", "Fungus.FungusLuaJSONCheckerEditor.csproj", "{592f9593-e22b-caac-b168-3934eef12cc1}"
EndProject
Global
	GlobalSection(SolutionConfigurationPlatforms) = preSolution
		Debug|Any CPU = Debug|Any CPU
	EndGlobalSection
	GlobalSection(ProjectConfigurationPlatforms) = postSolution
		{8943d378-2d7a-f089-7abb-27e79261bf33}.Debug|Any CPU.ActiveCfg = Debug|Any CPU
		{8943d378-2d7a-f089-7abb-27e79261bf33}.Debug|Any CPU.Build.0 = Debug|Any CPU
		{0c920e7e-e6d2-2809-9236-36a9a5c3ee5b}.Debug|Any CPU.ActiveCfg = Debug|Any CPU
		{0c920e7e-e6d2-2809-9236-36a9a5c3ee5b}.Debug|Any CPU.Build.0 = Debug|Any CPU
		{4ad6d143-ac3a-ba91-5bc2-56b9b83a190a}.Debug|Any CPU.ActiveCfg = Debug|Any CPU
		{4ad6d143-ac3a-ba91-5bc2-56b9b83a190a}.Debug|Any CPU.Build.0 = Debug|Any CPU
		{837f0a38-0ff7-279e-6cd5-272b2a44e510}.Debug|Any CPU.ActiveCfg = Debug|Any CPU
		{837f0a38-0ff7-279e-6cd5-272b2a44e510}.Debug|Any CPU.Build.0 = Debug|Any CPU
		{b6086225-b747-9109-a989-bd5bbd33d98a}.Debug|Any CPU.ActiveCfg = Debug|Any CPU
		{b6086225-b747-9109-a989-bd5bbd33d98a}.Debug|Any CPU.Build.0 = Debug|Any CPU
		{8a06e561-9469-95b9-d349-97dc66fe33b5}.Debug|Any CPU.ActiveCfg = Debug|Any CPU
		{8a06e561-9469-95b9-d349-97dc66fe33b5}.Debug|Any CPU.Build.0 = Debug|Any CPU
		{be4e667f-d6b2-5c86-836e-090f67544df4}.Debug|Any CPU.ActiveCfg = Debug|Any CPU
		{be4e667f-d6b2-5c86-836e-090f67544df4}.Debug|Any CPU.Build.0 = Debug|Any CPU
		{bd9dd458-d49f-c7f3-8057-88b30d7a21df}.Debug|Any CPU.ActiveCfg = Debug|Any CPU
		{bd9dd458-d49f-c7f3-8057-88b30d7a21df}.Debug|Any CPU.Build.0 = Debug|Any CPU
		{ebf7ce7b-ba35-f611-8d10-22c118765cc7}.Debug|Any CPU.ActiveCfg = Debug|Any CPU
		{ebf7ce7b-ba35-f611-8d10-22c118765cc7}.Debug|Any CPU.Build.0 = Debug|Any CPU
		{46d0fc23-5ed7-e67e-6ee9-6fab7340dd98}.Debug|Any CPU.ActiveCfg = Debug|Any CPU
		{46d0fc23-5ed7-e67e-6ee9-6fab7340dd98}.Debug|Any CPU.Build.0 = Debug|Any CPU
		{a6d70f17-98b2-d731-6d6b-8855f2873cbf}.Debug|Any CPU.ActiveCfg = Debug|Any CPU
		{a6d70f17-98b2-d731-6d6b-8855f2873cbf}.Debug|Any CPU.Build.0 = Debug|Any CPU
		{cb13c8e8-4e4b-7ebd-112a-3b2bad1027b2}.Debug|Any CPU.ActiveCfg = Debug|Any CPU
		{cb13c8e8-4e4b-7ebd-112a-3b2bad1027b2}.Debug|Any CPU.Build.0 = Debug|Any CPU
		{37c58fd0-50d3-ae25-2ee8-cbdec8bbb25d}.Debug|Any CPU.ActiveCfg = Debug|Any CPU
		{37c58fd0-50d3-ae25-2ee8-cbdec8bbb25d}.Debug|Any CPU.Build.0 = Debug|Any CPU
		{b746836f-3a13-57df-3432-902fc53be0c1}.Debug|Any CPU.ActiveCfg = Debug|Any CPU
		{b746836f-3a13-57df-3432-902fc53be0c1}.Debug|Any CPU.Build.0 = Debug|Any CPU
		{95a58582-1f84-bf99-5133-c15bab1d0e8d}.Debug|Any CPU.ActiveCfg = Debug|Any CPU
		{95a58582-1f84-bf99-5133-c15bab1d0e8d}.Debug|Any CPU.Build.0 = Debug|Any CPU
		{7bd58a5a-efd0-d63e-be03-1ec1451f0e5e}.Debug|Any CPU.ActiveCfg = Debug|Any CPU
		{7bd58a5a-efd0-d63e-be03-1ec1451f0e5e}.Debug|Any CPU.Build.0 = Debug|Any CPU
		{46d772b5-c3c6-b10f-362d-258e03f8f099}.Debug|Any CPU.ActiveCfg = Debug|Any CPU
		{46d772b5-c3c6-b10f-362d-258e03f8f099}.Debug|Any CPU.Build.0 = Debug|Any CPU
		{cffb4df8-f14e-8b8b-2ee6-5f4cc5d90df3}.Debug|Any CPU.ActiveCfg = Debug|Any CPU
		{cffb4df8-f14e-8b8b-2ee6-5f4cc5d90df3}.Debug|Any CPU.Build.0 = Debug|Any CPU
		{d9ae3f10-98ff-86c4-1ab3-7e8877b0955c}.Debug|Any CPU.ActiveCfg = Debug|Any CPU
		{d9ae3f10-98ff-86c4-1ab3-7e8877b0955c}.Debug|Any CPU.Build.0 = Debug|Any CPU
		{27263a60-42d1-ee0b-40eb-cde7ad36e2f8}.Debug|Any CPU.ActiveCfg = Debug|Any CPU
		{27263a60-42d1-ee0b-40eb-cde7ad36e2f8}.Debug|Any CPU.Build.0 = Debug|Any CPU
		{592f9593-e22b-caac-b168-3934eef12cc1}.Debug|Any CPU.ActiveCfg = Debug|Any CPU
		{592f9593-e22b-caac-b168-3934eef12cc1}.Debug|Any CPU.Build.0 = Debug|Any CPU
	EndGlobalSection
	GlobalSection(SolutionProperties) = preSolution
		HideSolutionNode = FALSE
	EndGlobalSection
EndGlobal
