
Microsoft Visual Studio Solution File, Format Version 11.00
# Visual Studio 2010
Project("{FAE04EC0-301F-11D3-BF4B-00C04F79EFBC}") = "Fungus", "Fungus.csproj", "{cb2f8dd0-eba7-2845-80d7-9c0d1fcf7213}"
EndProject
Project("{FAE04EC0-301F-11D3-BF4B-00C04F79EFBC}") = "com.unity.animations.springbone", "com.unity.animations.springbone.csproj", "{79ce3ff3-331f-104d-2163-2a9b6b03bf40}"
EndProject
Project("{FAE04EC0-301F-11D3-BF4B-00C04F79EFBC}") = "Assembly-CSharp-firstpass", "Assembly-CSharp-firstpass.csproj", "{4071eff5-2f1e-aabc-1cc8-e09cdbc66c3f}"
EndProject
Project("{FAE04EC0-301F-11D3-BF4B-00C04F79EFBC}") = "uOSC.Editor", "uOSC.Editor.csproj", "{fb4dd257-5d9f-90e7-cbc6-fed465498f42}"
EndProject
Project("{FAE04EC0-301F-11D3-BF4B-00C04F79EFBC}") = "Boxophobic.Utils.Editor", "Boxophobic.Utils.Editor.csproj", "{7e83a824-0714-90cf-935a-91f464534b5c}"
EndProject
Project("{FAE04EC0-301F-11D3-BF4B-00C04F79EFBC}") = "Assembly-CSharp", "Assembly-CSharp.csproj", "{1f131b11-2873-7f5a-b68d-cc1529adcd8a}"
EndProject
Project("{FAE04EC0-301F-11D3-BF4B-00C04F79EFBC}") = "Effekseer.PostProcessing", "Effekseer.PostProcessing.csproj", "{4418fd98-d30d-7791-1538-5f555a718ef6}"
EndProject
Project("{FAE04EC0-301F-11D3-BF4B-00C04F79EFBC}") = "FungusEditor", "FungusEditor.csproj", "{5bca4c48-ebc9-39ff-6003-dfbb5f50f972}"
EndProject
Project("{FAE04EC0-301F-11D3-BF4B-00C04F79EFBC}") = "Fungus.FungusLuaEditor", "Fungus.FungusLuaEditor.csproj", "{9b1ad7d5-2477-197a-bdcc-e7b7c93b53fc}"
EndProject
Project("{FAE04EC0-301F-11D3-BF4B-00C04F79EFBC}") = "Effekseer", "Effekseer.csproj", "{22f4336a-cb12-5277-49a7-72f220214864}"
EndProject
Project("{FAE04EC0-301F-11D3-BF4B-00C04F79EFBC}") = "Boxophobic.SkyboxCubemapExtended.Editor", "Boxophobic.SkyboxCubemapExtended.Editor.csproj", "{951fb456-d2c6-bc3a-d110-0d1b91565b97}"
EndProject
Project("{FAE04EC0-301F-11D3-BF4B-00C04F79EFBC}") = "Boxophobic.Utils.Scripts", "Boxophobic.Utils.Scripts.csproj", "{a0030130-46c6-3108-ce67-1d6239e18c8f}"
EndProject
Project("{FAE04EC0-301F-11D3-BF4B-00C04F79EFBC}") = "uOSC.Runtime", "uOSC.Runtime.csproj", "{7d24eb1a-8498-2889-488f-b1beb3ae3b74}"
EndProject
Project("{FAE04EC0-301F-11D3-BF4B-00C04F79EFBC}") = "EffekseerEditor", "EffekseerEditor.csproj", "{fb8bdd2c-d835-b4ac-aa82-8e9346cd9d46}"
EndProject
Project("{FAE04EC0-301F-11D3-BF4B-00C04F79EFBC}") = "Assembly-CSharp-Editor", "Assembly-CSharp-Editor.csproj", "{1beff4e4-2767-75fd-6c4e-7b491a5136f2}"
EndProject
Project("{FAE04EC0-301F-11D3-BF4B-00C04F79EFBC}") = "Assembly-CSharp-Editor-firstpass", "Assembly-CSharp-Editor-firstpass.csproj", "{82b0dd03-9d6e-5551-e8fa-113a2112d20a}"
EndProject
Project("{FAE04EC0-301F-11D3-BF4B-00C04F79EFBC}") = "Effekseer.HDRP", "Effekseer.HDRP.csproj", "{7d193707-025f-8951-6bfe-d89b3be9d111}"
EndProject
Project("{FAE04EC0-301F-11D3-BF4B-00C04F79EFBC}") = "Effekseer.URP", "Effekseer.URP.csproj", "{1a12430e-b467-1510-7a76-9a267caeb9ce}"
EndProject
Project("{FAE04EC0-301F-11D3-BF4B-00C04F79EFBC}") = "Fungus.UsfxrEditor", "Fungus.UsfxrEditor.csproj", "{e0529475-e54b-5557-f940-b1b8f89dc85b}"
EndProject
Project("{FAE04EC0-301F-11D3-BF4B-00C04F79EFBC}") = "Fungus.LineEndingsEditor", "Fungus.LineEndingsEditor.csproj", "{2a623bed-b55a-dfcf-4c2b-cf0683749b5a}"
EndProject
Project("{FAE04EC0-301F-11D3-BF4B-00C04F79EFBC}") = "Fungus.FungusLuaJSONCheckerEditor", "Fungus.FungusLuaJSONCheckerEditor.csproj", "{f7b087a2-d745-fd93-3295-fdcfd0794c7f}"
EndProject
Global
	GlobalSection(SolutionConfigurationPlatforms) = preSolution
		Debug|Any CPU = Debug|Any CPU
	EndGlobalSection
	GlobalSection(ProjectConfigurationPlatforms) = postSolution
		{cb2f8dd0-eba7-2845-80d7-9c0d1fcf7213}.Debug|Any CPU.ActiveCfg = Debug|Any CPU
		{cb2f8dd0-eba7-2845-80d7-9c0d1fcf7213}.Debug|Any CPU.Build.0 = Debug|Any CPU
		{79ce3ff3-331f-104d-2163-2a9b6b03bf40}.Debug|Any CPU.ActiveCfg = Debug|Any CPU
		{79ce3ff3-331f-104d-2163-2a9b6b03bf40}.Debug|Any CPU.Build.0 = Debug|Any CPU
		{4071eff5-2f1e-aabc-1cc8-e09cdbc66c3f}.Debug|Any CPU.ActiveCfg = Debug|Any CPU
		{4071eff5-2f1e-aabc-1cc8-e09cdbc66c3f}.Debug|Any CPU.Build.0 = Debug|Any CPU
		{fb4dd257-5d9f-90e7-cbc6-fed465498f42}.Debug|Any CPU.ActiveCfg = Debug|Any CPU
		{fb4dd257-5d9f-90e7-cbc6-fed465498f42}.Debug|Any CPU.Build.0 = Debug|Any CPU
		{7e83a824-0714-90cf-935a-91f464534b5c}.Debug|Any CPU.ActiveCfg = Debug|Any CPU
		{7e83a824-0714-90cf-935a-91f464534b5c}.Debug|Any CPU.Build.0 = Debug|Any CPU
		{1f131b11-2873-7f5a-b68d-cc1529adcd8a}.Debug|Any CPU.ActiveCfg = Debug|Any CPU
		{1f131b11-2873-7f5a-b68d-cc1529adcd8a}.Debug|Any CPU.Build.0 = Debug|Any CPU
		{4418fd98-d30d-7791-1538-5f555a718ef6}.Debug|Any CPU.ActiveCfg = Debug|Any CPU
		{4418fd98-d30d-7791-1538-5f555a718ef6}.Debug|Any CPU.Build.0 = Debug|Any CPU
		{5bca4c48-ebc9-39ff-6003-dfbb5f50f972}.Debug|Any CPU.ActiveCfg = Debug|Any CPU
		{5bca4c48-ebc9-39ff-6003-dfbb5f50f972}.Debug|Any CPU.Build.0 = Debug|Any CPU
		{9b1ad7d5-2477-197a-bdcc-e7b7c93b53fc}.Debug|Any CPU.ActiveCfg = Debug|Any CPU
		{9b1ad7d5-2477-197a-bdcc-e7b7c93b53fc}.Debug|Any CPU.Build.0 = Debug|Any CPU
		{22f4336a-cb12-5277-49a7-72f220214864}.Debug|Any CPU.ActiveCfg = Debug|Any CPU
		{22f4336a-cb12-5277-49a7-72f220214864}.Debug|Any CPU.Build.0 = Debug|Any CPU
		{951fb456-d2c6-bc3a-d110-0d1b91565b97}.Debug|Any CPU.ActiveCfg = Debug|Any CPU
		{951fb456-d2c6-bc3a-d110-0d1b91565b97}.Debug|Any CPU.Build.0 = Debug|Any CPU
		{a0030130-46c6-3108-ce67-1d6239e18c8f}.Debug|Any CPU.ActiveCfg = Debug|Any CPU
		{a0030130-46c6-3108-ce67-1d6239e18c8f}.Debug|Any CPU.Build.0 = Debug|Any CPU
		{7d24eb1a-8498-2889-488f-b1beb3ae3b74}.Debug|Any CPU.ActiveCfg = Debug|Any CPU
		{7d24eb1a-8498-2889-488f-b1beb3ae3b74}.Debug|Any CPU.Build.0 = Debug|Any CPU
		{fb8bdd2c-d835-b4ac-aa82-8e9346cd9d46}.Debug|Any CPU.ActiveCfg = Debug|Any CPU
		{fb8bdd2c-d835-b4ac-aa82-8e9346cd9d46}.Debug|Any CPU.Build.0 = Debug|Any CPU
		{1beff4e4-2767-75fd-6c4e-7b491a5136f2}.Debug|Any CPU.ActiveCfg = Debug|Any CPU
		{1beff4e4-2767-75fd-6c4e-7b491a5136f2}.Debug|Any CPU.Build.0 = Debug|Any CPU
		{82b0dd03-9d6e-5551-e8fa-113a2112d20a}.Debug|Any CPU.ActiveCfg = Debug|Any CPU
		{82b0dd03-9d6e-5551-e8fa-113a2112d20a}.Debug|Any CPU.Build.0 = Debug|Any CPU
		{7d193707-025f-8951-6bfe-d89b3be9d111}.Debug|Any CPU.ActiveCfg = Debug|Any CPU
		{7d193707-025f-8951-6bfe-d89b3be9d111}.Debug|Any CPU.Build.0 = Debug|Any CPU
		{1a12430e-b467-1510-7a76-9a267caeb9ce}.Debug|Any CPU.ActiveCfg = Debug|Any CPU
		{1a12430e-b467-1510-7a76-9a267caeb9ce}.Debug|Any CPU.Build.0 = Debug|Any CPU
		{e0529475-e54b-5557-f940-b1b8f89dc85b}.Debug|Any CPU.ActiveCfg = Debug|Any CPU
		{e0529475-e54b-5557-f940-b1b8f89dc85b}.Debug|Any CPU.Build.0 = Debug|Any CPU
		{2a623bed-b55a-dfcf-4c2b-cf0683749b5a}.Debug|Any CPU.ActiveCfg = Debug|Any CPU
		{2a623bed-b55a-dfcf-4c2b-cf0683749b5a}.Debug|Any CPU.Build.0 = Debug|Any CPU
		{f7b087a2-d745-fd93-3295-fdcfd0794c7f}.Debug|Any CPU.ActiveCfg = Debug|Any CPU
		{f7b087a2-d745-fd93-3295-fdcfd0794c7f}.Debug|Any CPU.Build.0 = Debug|Any CPU
	EndGlobalSection
	GlobalSection(SolutionProperties) = preSolution
		HideSolutionNode = FALSE
	EndGlobalSection
EndGlobal
