
Microsoft Visual Studio Solution File, Format Version 11.00
# Visual Studio 2010
Project("{FAE04EC0-301F-11D3-BF4B-00C04F79EFBC}") = "Fungus", "Fungus.csproj", "{177213f2-08fc-a0da-19b2-c0d3a526378b}"
EndProject
Project("{FAE04EC0-301F-11D3-BF4B-00C04F79EFBC}") = "Assembly-CSharp", "Assembly-CSharp.csproj", "{219a9fcd-82d4-d2c7-f460-90fe660ea1ac}"
EndProject
Project("{FAE04EC0-301F-11D3-BF4B-00C04F79EFBC}") = "com.unity.animations.springbone", "com.unity.animations.springbone.csproj", "{91e5b77a-61a8-aab9-8283-35a8be0a0784}"
EndProject
Project("{FAE04EC0-301F-11D3-BF4B-00C04F79EFBC}") = "Assembly-CSharp-firstpass", "Assembly-CSharp-firstpass.csproj", "{2c280bd4-f957-f04d-431d-5af504b863cc}"
EndProject
Project("{FAE04EC0-301F-11D3-BF4B-00C04F79EFBC}") = "uOSC.Editor", "uOSC.Editor.csproj", "{f0b481a1-64be-2fb6-90d5-ad383465353e}"
EndProject
Project("{FAE04EC0-301F-11D3-BF4B-00C04F79EFBC}") = "Boxophobic.Utils.Editor", "Boxophobic.Utils.Editor.csproj", "{235b52b1-268e-0f28-4c93-1149a80e1ede}"
EndProject
Project("{FAE04EC0-301F-11D3-BF4B-00C04F79EFBC}") = "Effekseer.PostProcessing", "Effekseer.PostProcessing.csproj", "{ed5a65e7-69d8-d49d-a970-b62f92287ae6}"
EndProject
Project("{FAE04EC0-301F-11D3-BF4B-00C04F79EFBC}") = "FungusEditor", "FungusEditor.csproj", "{d04dd0c1-49b8-9e75-2f93-503bfe1be4b4}"
EndProject
Project("{FAE04EC0-301F-11D3-BF4B-00C04F79EFBC}") = "Fungus.FungusLuaEditor", "Fungus.FungusLuaEditor.csproj", "{1f9c8b7a-ebc3-3a9e-16bf-1987549e7070}"
EndProject
Project("{FAE04EC0-301F-11D3-BF4B-00C04F79EFBC}") = "Effekseer", "Effekseer.csproj", "{2899c71f-b99f-a27c-1d06-0f379a71ab7e}"
EndProject
Project("{FAE04EC0-301F-11D3-BF4B-00C04F79EFBC}") = "Boxophobic.SkyboxCubemapExtended.Editor", "Boxophobic.SkyboxCubemapExtended.Editor.csproj", "{60222f4a-ad79-7bab-253b-2190d1e03101}"
EndProject
Project("{FAE04EC0-301F-11D3-BF4B-00C04F79EFBC}") = "Boxophobic.Utils.Scripts", "Boxophobic.Utils.Scripts.csproj", "{2cabf6b9-375e-eb09-4441-7cc964b67d22}"
EndProject
Project("{FAE04EC0-301F-11D3-BF4B-00C04F79EFBC}") = "Assembly-CSharp-Editor", "Assembly-CSharp-Editor.csproj", "{49516116-3a2b-ce8c-fbbf-20c95214f592}"
EndProject
Project("{FAE04EC0-301F-11D3-BF4B-00C04F79EFBC}") = "uOSC.Runtime", "uOSC.Runtime.csproj", "{23371b81-aa04-7a44-319b-29d7116c31b8}"
EndProject
Project("{FAE04EC0-301F-11D3-BF4B-00C04F79EFBC}") = "EffekseerEditor", "EffekseerEditor.csproj", "{afd30ad7-abfc-4b78-77f4-82e13bedbf25}"
EndProject
Project("{FAE04EC0-301F-11D3-BF4B-00C04F79EFBC}") = "Assembly-CSharp-Editor-firstpass", "Assembly-CSharp-Editor-firstpass.csproj", "{917e1c55-ea97-f2f6-de1e-dc6044cdd589}"
EndProject
Project("{FAE04EC0-301F-11D3-BF4B-00C04F79EFBC}") = "Effekseer.HDRP", "Effekseer.HDRP.csproj", "{8033204f-a7f4-4679-d65c-a992ade4646a}"
EndProject
Project("{FAE04EC0-301F-11D3-BF4B-00C04F79EFBC}") = "Effekseer.URP", "Effekseer.URP.csproj", "{2ad5ed69-c07e-e06c-d775-92c7da10a57b}"
EndProject
Project("{FAE04EC0-301F-11D3-BF4B-00C04F79EFBC}") = "Fungus.UsfxrEditor", "Fungus.UsfxrEditor.csproj", "{757ee839-da13-92d0-59d9-8e9f8cef9f11}"
EndProject
Project("{FAE04EC0-301F-11D3-BF4B-00C04F79EFBC}") = "Fungus.LineEndingsEditor", "Fungus.LineEndingsEditor.csproj", "{050e086b-3308-5fed-95f7-e8632d8911e4}"
EndProject
Project("{FAE04EC0-301F-11D3-BF4B-00C04F79EFBC}") = "Fungus.FungusLuaJSONCheckerEditor", "Fungus.FungusLuaJSONCheckerEditor.csproj", "{e025aeff-2ee0-1e9e-4a42-ed80b28253bc}"
EndProject
Global
	GlobalSection(SolutionConfigurationPlatforms) = preSolution
		Debug|Any CPU = Debug|Any CPU
	EndGlobalSection
	GlobalSection(ProjectConfigurationPlatforms) = postSolution
		{177213f2-08fc-a0da-19b2-c0d3a526378b}.Debug|Any CPU.ActiveCfg = Debug|Any CPU
		{177213f2-08fc-a0da-19b2-c0d3a526378b}.Debug|Any CPU.Build.0 = Debug|Any CPU
		{219a9fcd-82d4-d2c7-f460-90fe660ea1ac}.Debug|Any CPU.ActiveCfg = Debug|Any CPU
		{219a9fcd-82d4-d2c7-f460-90fe660ea1ac}.Debug|Any CPU.Build.0 = Debug|Any CPU
		{91e5b77a-61a8-aab9-8283-35a8be0a0784}.Debug|Any CPU.ActiveCfg = Debug|Any CPU
		{91e5b77a-61a8-aab9-8283-35a8be0a0784}.Debug|Any CPU.Build.0 = Debug|Any CPU
		{2c280bd4-f957-f04d-431d-5af504b863cc}.Debug|Any CPU.ActiveCfg = Debug|Any CPU
		{2c280bd4-f957-f04d-431d-5af504b863cc}.Debug|Any CPU.Build.0 = Debug|Any CPU
		{f0b481a1-64be-2fb6-90d5-ad383465353e}.Debug|Any CPU.ActiveCfg = Debug|Any CPU
		{f0b481a1-64be-2fb6-90d5-ad383465353e}.Debug|Any CPU.Build.0 = Debug|Any CPU
		{235b52b1-268e-0f28-4c93-1149a80e1ede}.Debug|Any CPU.ActiveCfg = Debug|Any CPU
		{235b52b1-268e-0f28-4c93-1149a80e1ede}.Debug|Any CPU.Build.0 = Debug|Any CPU
		{ed5a65e7-69d8-d49d-a970-b62f92287ae6}.Debug|Any CPU.ActiveCfg = Debug|Any CPU
		{ed5a65e7-69d8-d49d-a970-b62f92287ae6}.Debug|Any CPU.Build.0 = Debug|Any CPU
		{d04dd0c1-49b8-9e75-2f93-503bfe1be4b4}.Debug|Any CPU.ActiveCfg = Debug|Any CPU
		{d04dd0c1-49b8-9e75-2f93-503bfe1be4b4}.Debug|Any CPU.Build.0 = Debug|Any CPU
		{1f9c8b7a-ebc3-3a9e-16bf-1987549e7070}.Debug|Any CPU.ActiveCfg = Debug|Any CPU
		{1f9c8b7a-ebc3-3a9e-16bf-1987549e7070}.Debug|Any CPU.Build.0 = Debug|Any CPU
		{2899c71f-b99f-a27c-1d06-0f379a71ab7e}.Debug|Any CPU.ActiveCfg = Debug|Any CPU
		{2899c71f-b99f-a27c-1d06-0f379a71ab7e}.Debug|Any CPU.Build.0 = Debug|Any CPU
		{60222f4a-ad79-7bab-253b-2190d1e03101}.Debug|Any CPU.ActiveCfg = Debug|Any CPU
		{60222f4a-ad79-7bab-253b-2190d1e03101}.Debug|Any CPU.Build.0 = Debug|Any CPU
		{2cabf6b9-375e-eb09-4441-7cc964b67d22}.Debug|Any CPU.ActiveCfg = Debug|Any CPU
		{2cabf6b9-375e-eb09-4441-7cc964b67d22}.Debug|Any CPU.Build.0 = Debug|Any CPU
		{49516116-3a2b-ce8c-fbbf-20c95214f592}.Debug|Any CPU.ActiveCfg = Debug|Any CPU
		{49516116-3a2b-ce8c-fbbf-20c95214f592}.Debug|Any CPU.Build.0 = Debug|Any CPU
		{23371b81-aa04-7a44-319b-29d7116c31b8}.Debug|Any CPU.ActiveCfg = Debug|Any CPU
		{23371b81-aa04-7a44-319b-29d7116c31b8}.Debug|Any CPU.Build.0 = Debug|Any CPU
		{afd30ad7-abfc-4b78-77f4-82e13bedbf25}.Debug|Any CPU.ActiveCfg = Debug|Any CPU
		{afd30ad7-abfc-4b78-77f4-82e13bedbf25}.Debug|Any CPU.Build.0 = Debug|Any CPU
		{917e1c55-ea97-f2f6-de1e-dc6044cdd589}.Debug|Any CPU.ActiveCfg = Debug|Any CPU
		{917e1c55-ea97-f2f6-de1e-dc6044cdd589}.Debug|Any CPU.Build.0 = Debug|Any CPU
		{8033204f-a7f4-4679-d65c-a992ade4646a}.Debug|Any CPU.ActiveCfg = Debug|Any CPU
		{8033204f-a7f4-4679-d65c-a992ade4646a}.Debug|Any CPU.Build.0 = Debug|Any CPU
		{2ad5ed69-c07e-e06c-d775-92c7da10a57b}.Debug|Any CPU.ActiveCfg = Debug|Any CPU
		{2ad5ed69-c07e-e06c-d775-92c7da10a57b}.Debug|Any CPU.Build.0 = Debug|Any CPU
		{757ee839-da13-92d0-59d9-8e9f8cef9f11}.Debug|Any CPU.ActiveCfg = Debug|Any CPU
		{757ee839-da13-92d0-59d9-8e9f8cef9f11}.Debug|Any CPU.Build.0 = Debug|Any CPU
		{050e086b-3308-5fed-95f7-e8632d8911e4}.Debug|Any CPU.ActiveCfg = Debug|Any CPU
		{050e086b-3308-5fed-95f7-e8632d8911e4}.Debug|Any CPU.Build.0 = Debug|Any CPU
		{e025aeff-2ee0-1e9e-4a42-ed80b28253bc}.Debug|Any CPU.ActiveCfg = Debug|Any CPU
		{e025aeff-2ee0-1e9e-4a42-ed80b28253bc}.Debug|Any CPU.Build.0 = Debug|Any CPU
	EndGlobalSection
	GlobalSection(SolutionProperties) = preSolution
		HideSolutionNode = FALSE
	EndGlobalSection
EndGlobal
